
Microsoft Visual Studio Solution File, Format Version 12.00
# Visual Studio Version 16
VisualStudioVersion = 16.0.30804.86
MinimumVisualStudioVersion = 10.0.40219.1
Project("{888888A0-9F3D-457C-B088-3A5042F75D52}") = "omed", "omed\omed.pyproj", "{FD6F7447-FB0F-47D6-A7CF-0437C769600A}"
EndProject
Global
	GlobalSection(SolutionConfigurationPlatforms) = preSolution
		Debug|Any CPU = Debug|Any CPU
		Release|Any CPU = Release|Any CPU
	EndGlobalSection
	GlobalSection(ProjectConfigurationPlatforms) = postSolution
		{FD6F7447-FB0F-47D6-A7CF-0437C769600A}.Debug|Any CPU.ActiveCfg = Debug|Any CPU
		{FD6F7447-FB0F-47D6-A7CF-0437C769600A}.Debug|Any CPU.Build.0 = Debug|Any CPU
		{FD6F7447-FB0F-47D6-A7CF-0437C769600A}.Release|Any CPU.ActiveCfg = Release|Any CPU
		{FD6F7447-FB0F-47D6-A7CF-0437C769600A}.Release|Any CPU.Build.0 = Release|Any CPU
	EndGlobalSection
	GlobalSection(SolutionProperties) = preSolution
		HideSolutionNode = FALSE
	EndGlobalSection
	GlobalSection(ExtensibilityGlobals) = postSolution
		SolutionGuid = {4CB026DC-F877-4E94-8271-D162AEC0B2BD}
	EndGlobalSection
EndGlobal
